// !$*UTF8*$!
{
	archiveVersion = 1;
	classes = {
	};
	objectVersion = 50;
	objects = {

/* Begin PBXBuildFile section */
		C632E1F32311E15A00D40819 /* AppDelegate.swift in Sources */ = {isa = PBXBuildFile; fileRef = C632E1F22311E15A00D40819 /* AppDelegate.swift */; };
		C632E1F72311E15C00D40819 /* Assets.xcassets in Resources */ = {isa = PBXBuildFile; fileRef = C632E1F62311E15C00D40819 /* Assets.xcassets */; };
		C632E1FA2311E15C00D40819 /* Main.storyboard in Resources */ = {isa = PBXBuildFile; fileRef = C632E1F82311E15C00D40819 /* Main.storyboard */; };
		C632E20F2311E39200D40819 /* GameView.swift in Sources */ = {isa = PBXBuildFile; fileRef = C632E20E2311E39200D40819 /* GameView.swift */; };
/* End PBXBuildFile section */

/* Begin PBXFileReference section */
		C632E1EF2311E15A00D40819 /* Snake3.0.app */ = {isa = PBXFileReference; explicitFileType = wrapper.application; includeInIndex = 0; path = Snake3.0.app; sourceTree = BUILT_PRODUCTS_DIR; };
		C632E1F22311E15A00D40819 /* AppDelegate.swift */ = {isa = PBXFileReference; lastKnownFileType = sourcecode.swift; path = AppDelegate.swift; sourceTree = "<group>"; };
		C632E1F62311E15C00D40819 /* Assets.xcassets */ = {isa = PBXFileReference; lastKnownFileType = folder.assetcatalog; path = Assets.xcassets; sourceTree = "<group>"; };
		C632E1F92311E15C00D40819 /* Base */ = {isa = PBXFileReference; lastKnownFileType = file.storyboard; name = Base; path = Base.lproj/Main.storyboard; sourceTree = "<group>"; };
		C632E1FB2311E15C00D40819 /* Info.plist */ = {isa = PBXFileReference; lastKnownFileType = text.plist.xml; path = Info.plist; sourceTree = "<group>"; };
		C632E1FC2311E15C00D40819 /* Snake3_0.entitlements */ = {isa = PBXFileReference; lastKnownFileType = text.plist.entitlements; path = Snake3_0.entitlements; sourceTree = "<group>"; };
		C632E20E2311E39200D40819 /* GameView.swift */ = {isa = PBXFileReference; lastKnownFileType = sourcecode.swift; path = GameView.swift; sourceTree = "<group>"; };
/* End PBXFileReference section */

/* Begin PBXFrameworksBuildPhase section */
		C632E1EC2311E15A00D40819 /* Frameworks */ = {
			isa = PBXFrameworksBuildPhase;
			buildActionMask = 2147483647;
			files = (
			);
			runOnlyForDeploymentPostprocessing = 0;
		};
/* End PBXFrameworksBuildPhase section */

/* Begin PBXGroup section */
		C632E1E62311E15A00D40819 = {
			isa = PBXGroup;
			children = (
				C632E1F12311E15A00D40819 /* Snake3.0 */,
				C632E1F02311E15A00D40819 /* Products */,
			);
			sourceTree = "<group>";
		};
		C632E1F02311E15A00D40819 /* Products */ = {
			isa = PBXGroup;
			children = (
				C632E1EF2311E15A00D40819 /* Snake3.0.app */,
			);
			name = Products;
			sourceTree = "<group>";
		};
		C632E1F12311E15A00D40819 /* Snake3.0 */ = {
			isa = PBXGroup;
			children = (
				C632E20D2311E36900D40819 /* Display */,
				C632E20C2311E30200D40819 /* OtherFiles */,
			);
			path = Snake3.0;
			sourceTree = "<group>";
		};
		C632E20C2311E30200D40819 /* OtherFiles */ = {
			isa = PBXGroup;
			children = (
				C632E1F22311E15A00D40819 /* AppDelegate.swift */,
				C632E1F62311E15C00D40819 /* Assets.xcassets */,
				C632E1FB2311E15C00D40819 /* Info.plist */,
				C632E1FC2311E15C00D40819 /* Snake3_0.entitlements */,
			);
			path = OtherFiles;
			sourceTree = "<group>";
		};
		C632E20D2311E36900D40819 /* Display */ = {
			isa = PBXGroup;
			children = (
				C632E1F82311E15C00D40819 /* Main.storyboard */,
				C632E20E2311E39200D40819 /* GameView.swift */,
			);
			path = Display;
			sourceTree = "<group>";
		};
/* End PBXGroup section */

/* Begin PBXNativeTarget section */
		C632E1EE2311E15A00D40819 /* Snake3.0 */ = {
			isa = PBXNativeTarget;
			buildConfigurationList = C632E1FF2311E15C00D40819 /* Build configuration list for PBXNativeTarget "Snake3.0" */;
			buildPhases = (
				C632E1EB2311E15A00D40819 /* Sources */,
				C632E1EC2311E15A00D40819 /* Frameworks */,
				C632E1ED2311E15A00D40819 /* Resources */,
			);
			buildRules = (
			);
			dependencies = (
			);
			name = Snake3.0;
			productName = Snake3.0;
			productReference = C632E1EF2311E15A00D40819 /* Snake3.0.app */;
			productType = "com.apple.product-type.application";
		};
/* End PBXNativeTarget section */

/* Begin PBXProject section */
		C632E1E72311E15A00D40819 /* Project object */ = {
			isa = PBXProject;
			attributes = {
				LastSwiftUpdateCheck = 1020;
				LastUpgradeCheck = 1020;
				ORGANIZATIONNAME = Tutorials;
				TargetAttributes = {
					C632E1EE2311E15A00D40819 = {
						CreatedOnToolsVersion = 10.2.1;
					};
				};
			};
			buildConfigurationList = C632E1EA2311E15A00D40819 /* Build configuration list for PBXProject "Snake3.0" */;
			compatibilityVersion = "Xcode 9.3";
			developmentRegion = en;
			hasScannedForEncodings = 0;
			knownRegions = (
				en,
				Base,
			);
			mainGroup = C632E1E62311E15A00D40819;
			productRefGroup = C632E1F02311E15A00D40819 /* Products */;
			projectDirPath = "";
			projectRoot = "";
			targets = (
				C632E1EE2311E15A00D40819 /* Snake3.0 */,
			);
		};
/* End PBXProject section */

/* Begin PBXResourcesBuildPhase section */
		C632E1ED2311E15A00D40819 /* Resources */ = {
			isa = PBXResourcesBuildPhase;
			buildActionMask = 2147483647;
			files = (
				C632E1F72311E15C00D40819 /* Assets.xcassets in Resources */,
				C632E1FA2311E15C00D40819 /* Main.storyboard in Resources */,
			);
			runOnlyForDeploymentPostprocessing = 0;
		};
/* End PBXResourcesBuildPhase section */

/* Begin PBXSourcesBuildPhase section */
		C632E1EB2311E15A00D40819 /* Sources */ = {
			isa = PBXSourcesBuildPhase;
			buildActionMask = 2147483647;
			files = (
				C632E20F2311E39200D40819 /* GameView.swift in Sources */,
				C632E1F32311E15A00D40819 /* AppDelegate.swift in Sources */,
			);
			runOnlyForDeploymentPostprocessing = 0;
		};
/* End PBXSourcesBuildPhase section */

/* Begin PBXVariantGroup section */
		C632E1F82311E15C00D40819 /* Main.storyboard */ = {
			isa = PBXVariantGroup;
			children = (
				C632E1F92311E15C00D40819 /* Base */,
			);
			name = Main.storyboard;
			sourceTree = "<group>";
		};
/* End PBXVariantGroup section */

/* Begin XCBuildConfiguration section */
		C632E1FD2311E15C00D40819 /* Debug */ = {
			isa = XCBuildConfiguration;
			buildSettings = {
				ALWAYS_SEARCH_USER_PATHS = NO;
				CLANG_ANALYZER_NONNULL = YES;
				CLANG_ANALYZER_NUMBER_OBJECT_CONVERSION = YES_AGGRESSIVE;
				CLANG_CXX_LANGUAGE_STANDARD = "gnu++14";
				CLANG_CXX_LIBRARY = "libc++";
				CLANG_ENABLE_MODULES = YES;
				CLANG_ENABLE_OBJC_ARC = YES;
				CLANG_ENABLE_OBJC_WEAK = YES;
				CLANG_WARN_BLOCK_CAPTURE_AUTORELEASING = YES;
				CLANG_WARN_BOOL_CONVERSION = YES;
				CLANG_WARN_COMMA = YES;
				CLANG_WARN_CONSTANT_CONVERSION = YES;
				CLANG_WARN_DEPRECATED_OBJC_IMPLEMENTATIONS = YES;
				CLANG_WARN_DIRECT_OBJC_ISA_USAGE = YES_ERROR;
				CLANG_WARN_DOCUMENTATION_COMMENTS = YES;
				CLANG_WARN_EMPTY_BODY = YES;
				CLANG_WARN_ENUM_CONVERSION = YES;
				CLANG_WARN_INFINITE_RECURSION = YES;
				CLANG_WARN_INT_CONVERSION = YES;
				CLANG_WARN_NON_LITERAL_NULL_CONVERSION = YES;
				CLANG_WARN_OBJC_IMPLICIT_RETAIN_SELF = YES;
				CLANG_WARN_OBJC_LITERAL_CONVERSION = YES;
				CLANG_WARN_OBJC_ROOT_CLASS = YES_ERROR;
				CLANG_WARN_RANGE_LOOP_ANALYSIS = YES;
				CLANG_WARN_STRICT_PROTOTYPES = YES;
				CLANG_WARN_SUSPICIOUS_MOVE = YES;
				CLANG_WARN_UNGUARDED_AVAILABILITY = YES_AGGRESSIVE;
				CLANG_WARN_UNREACHABLE_CODE = YES;
				CLANG_WARN__DUPLICATE_METHOD_MATCH = YES;
				CODE_SIGN_IDENTITY = "Mac Developer";
				COPY_PHASE_STRIP = NO;
				DEBUG_INFORMATION_FORMAT = dwarf;
				ENABLE_STRICT_OBJC_MSGSEND = YES;
				ENABLE_TESTABILITY = YES;
				GCC_C_LANGUAGE_STANDARD = gnu11;
				GCC_DYNAMIC_NO_PIC = NO;
				GCC_NO_COMMON_BLOCKS = YES;
				GCC_OPTIMIZATION_LEVEL = 0;
				GCC_PREPROCESSOR_DEFINITIONS = (
					"DEBUG=1",
					"$(inherited)",
				);
				GCC_WARN_64_TO_32_BIT_CONVERSION = YES;
				GCC_WARN_ABOUT_RETURN_TYPE = YES_ERROR;
				GCC_WARN_UNDECLARED_SELECTOR = YES;
				GCC_WARN_UNINITIALIZED_AUTOS = YES_AGGRESSIVE;
				GCC_WARN_UNUSED_FUNCTION = YES;
				GCC_WARN_UNUSED_VARIABLE = YES;
				MACOSX_DEPLOYMENT_TARGET = 10.14;
				MTL_ENABLE_DEBUG_INFO = INCLUDE_SOURCE;
				MTL_FAST_MATH = YES;
				ONLY_ACTIVE_ARCH = YES;
				SDKROOT = macosx;
				SWIFT_ACTIVE_COMPILATION_CONDITIONS = DEBUG;
				SWIFT_OPTIMIZATION_LEVEL = "-Onone";
			};
			name = Debug;
		};
		C632E1FE2311E15C00D40819 /* Release */ = {
			isa = XCBuildConfiguration;
			buildSettings = {
				ALWAYS_SEARCH_USER_PATHS = NO;
				CLANG_ANALYZER_NONNULL = YES;
				CLANG_ANALYZER_NUMBER_OBJECT_CONVERSION = YES_AGGRESSIVE;
				CLANG_CXX_LANGUAGE_STANDARD = "gnu++14";
				CLANG_CXX_LIBRARY = "libc++";
				CLANG_ENABLE_MODULES = YES;
				CLANG_ENABLE_OBJC_ARC = YES;
				CLANG_ENABLE_OBJC_WEAK = YES;
				CLANG_WARN_BLOCK_CAPTURE_AUTORELEASING = YES;
				CLANG_WARN_BOOL_CONVERSION = YES;
				CLANG_WARN_COMMA = YES;
				CLANG_WARN_CONSTANT_CONVERSION = YES;
				CLANG_WARN_DEPRECATED_OBJC_IMPLEMENTATIONS = YES;
				CLANG_WARN_DIRECT_OBJC_ISA_USAGE = YES_ERROR;
				CLANG_WARN_DOCUMENTATION_COMMENTS = YES;
				CLANG_WARN_EMPTY_BODY = YES;
				CLANG_WARN_ENUM_CONVERSION = YES;
				CLANG_WARN_INFINITE_RECURSION = YES;
				CLANG_WARN_INT_CONVERSION = YES;
				CLANG_WARN_NON_LITERAL_NULL_CONVERSION = YES;
				CLANG_WARN_OBJC_IMPLICIT_RETAIN_SELF = YES;
				CLANG_WARN_OBJC_LITERAL_CONVERSION = YES;
				CLANG_WARN_OBJC_ROOT_CLASS = YES_ERROR;
				CLANG_WARN_RANGE_LOOP_ANALYSIS = YES;
				CLANG_WARN_STRICT_PROTOTYPES = YES;
				CLANG_WARN_SUSPICIOUS_MOVE = YES;
				CLANG_WARN_UNGUARDED_AVAILABILITY = YES_AGGRESSIVE;
				CLANG_WARN_UNREACHABLE_CODE = YES;
				CLANG_WARN__DUPLICATE_METHOD_MATCH = YES;
				CODE_SIGN_IDENTITY = "Mac Developer";
				COPY_PHASE_STRIP = NO;
				DEBUG_INFORMATION_FORMAT = "dwarf-with-dsym";
				ENABLE_NS_ASSERTIONS = NO;
				ENABLE_STRICT_OBJC_MSGSEND = YES;
				GCC_C_LANGUAGE_STANDARD = gnu11;
				GCC_NO_COMMON_BLOCKS = YES;
				GCC_WARN_64_TO_32_BIT_CONVERSION = YES;
				GCC_WARN_ABOUT_RETURN_TYPE = YES_ERROR;
				GCC_WARN_UNDECLARED_SELECTOR = YES;
				GCC_WARN_UNINITIALIZED_AUTOS = YES_AGGRESSIVE;
				GCC_WARN_UNUSED_FUNCTION = YES;
				GCC_WARN_UNUSED_VARIABLE = YES;
				MACOSX_DEPLOYMENT_TARGET = 10.14;
				MTL_ENABLE_DEBUG_INFO = NO;
				MTL_FAST_MATH = YES;
				SDKROOT = macosx;
				SWIFT_COMPILATION_MODE = wholemodule;
				SWIFT_OPTIMIZATION_LEVEL = "-O";
			};
			name = Release;
		};
		C632E2002311E15C00D40819 /* Debug */ = {
			isa = XCBuildConfiguration;
			buildSettings = {
				ASSETCATALOG_COMPILER_APPICON_NAME = AppIcon;
				CODE_SIGN_ENTITLEMENTS = Snake3.0/OtherFiles/Snake3_0.entitlements;
				CODE_SIGN_STYLE = Automatic;
				COMBINE_HIDPI_IMAGES = YES;
				DEVELOPMENT_TEAM = 9QQ2JZFGTQ;
				INFOPLIST_FILE = "$(SRCROOT)/Snake3.0/OtherFiles/Info.plist";
				LD_RUNPATH_SEARCH_PATHS = (
					"$(inherited)",
					"@executable_path/../Frameworks",
				);
				PRODUCT_BUNDLE_IDENTIFIER = "com.ricktwohy.Snake3-0";
				PRODUCT_NAME = "$(TARGET_NAME)";
				SWIFT_VERSION = 5.0;
			};
			name = Debug;
		};
		C632E2012311E15C00D40819 /* Release */ = {
			isa = XCBuildConfiguration;
			buildSettings = {
				ASSETCATALOG_COMPILER_APPICON_NAME = AppIcon;
				CODE_SIGN_ENTITLEMENTS = Snake3.0/OtherFiles/Snake3_0.entitlements;
				CODE_SIGN_STYLE = Automatic;
				COMBINE_HIDPI_IMAGES = YES;
				DEVELOPMENT_TEAM = 9QQ2JZFGTQ;
				INFOPLIST_FILE = "$(SRCROOT)/Snake3.0/OtherFiles/Info.plist";
				LD_RUNPATH_SEARCH_PATHS = (
					"$(inherited)",
					"@executable_path/../Frameworks",
				);
				PRODUCT_BUNDLE_IDENTIFIER = "com.ricktwohy.Snake3-0";
				PRODUCT_NAME = "$(TARGET_NAME)";
				SWIFT_VERSION = 5.0;
			};
			name = Release;
		};
/* End XCBuildConfiguration section */

/* Begin XCConfigurationList section */
		C632E1EA2311E15A00D40819 /* Build configuration list for PBXProject "Snake3.0" */ = {
			isa = XCConfigurationList;
			buildConfigurations = (
				C632E1FD2311E15C00D40819 /* Debug */,
				C632E1FE2311E15C00D40819 /* Release */,
			);
			defaultConfigurationIsVisible = 0;
			defaultConfigurationName = Release;
		};
		C632E1FF2311E15C00D40819 /* Build configuration list for PBXNativeTarget "Snake3.0" */ = {
			isa = XCConfigurationList;
			buildConfigurations = (
				C632E2002311E15C00D40819 /* Debug */,
				C632E2012311E15C00D40819 /* Release */,
			);
			defaultConfigurationIsVisible = 0;
			defaultConfigurationName = Release;
		};
/* End XCConfigurationList section */
	};
	rootObject = C632E1E72311E15A00D40819 /* Project object */;
}
